
Microsoft Visual Studio Solution File, Format Version 12.00
# Visual Studio Version 17
VisualStudioVersion = 17.5.2.0
MinimumVisualStudioVersion = 10.0.40219.1
Project("{FAE04EC0-301F-11D3-BF4B-00C04F79EFBC}") = "TaskMeisterAPI", "backend\src\TaskMeisterAPI\TaskMeisterAPI.csproj", "{11D38638-FD3B-BD18-D159-639CF3231FC5}"
EndProject
Project("{FAE04EC0-301F-11D3-BF4B-00C04F79EFBC}") = "TaskMeisterAPI.Tests", "backend\tests\TaskMeisterAPI.Tests\TaskMeisterAPI.Tests.csproj", "{2A4C9F1E-8D3B-4E7A-B6C0-1F5D9E2A3B8C}"
EndProject
Global
	GlobalSection(SolutionConfigurationPlatforms) = preSolution
		Debug|Any CPU = Debug|Any CPU
		Release|Any CPU = Release|Any CPU
	EndGlobalSection
	GlobalSection(ProjectConfigurationPlatforms) = postSolution
		{11D38638-FD3B-BD18-D159-639CF3231FC5}.Debug|Any CPU.ActiveCfg = Debug|Any CPU
		{11D38638-FD3B-BD18-D159-639CF3231FC5}.Debug|Any CPU.Build.0 = Debug|Any CPU
		{11D38638-FD3B-BD18-D159-639CF3231FC5}.Release|Any CPU.ActiveCfg = Release|Any CPU
		{11D38638-FD3B-BD18-D159-639CF3231FC5}.Release|Any CPU.Build.0 = Release|Any CPU
		{2A4C9F1E-8D3B-4E7A-B6C0-1F5D9E2A3B8C}.Debug|Any CPU.ActiveCfg = Debug|Any CPU
		{2A4C9F1E-8D3B-4E7A-B6C0-1F5D9E2A3B8C}.Debug|Any CPU.Build.0 = Debug|Any CPU
		{2A4C9F1E-8D3B-4E7A-B6C0-1F5D9E2A3B8C}.Release|Any CPU.ActiveCfg = Release|Any CPU
		{2A4C9F1E-8D3B-4E7A-B6C0-1F5D9E2A3B8C}.Release|Any CPU.Build.0 = Release|Any CPU
	EndGlobalSection
	GlobalSection(SolutionProperties) = preSolution
		HideSolutionNode = FALSE
	EndGlobalSection
	GlobalSection(ExtensibilityGlobals) = postSolution
		SolutionGuid = {ECE1FEFF-BBBA-4FF8-A134-EB48EE5C3FD4}
	EndGlobalSection
EndGlobal
